
Microsoft Visual Studio Solution File, Format Version 12.00
# Visual Studio 15
VisualStudioVersion = 15.0.27703.2026
MinimumVisualStudioVersion = 10.0.40219.1
Project("{2150E333-8FDC-42A3-9474-1A3956D46DE8}") = "src", "src", "{BCAA60C3-8818-488D-A685-D93858106A19}"
EndProject
Project("{2150E333-8FDC-42A3-9474-1A3956D46DE8}") = "Domain", "Domain", "{910E8D37-EC1E-475D-97BA-070BE7B66062}"
EndProject
Project("{2150E333-8FDC-42A3-9474-1A3956D46DE8}") = "Infra", "Infra", "{56945EEC-A54F-4967-9772-B3303D0069FF}"
EndProject
Project("{2150E333-8FDC-42A3-9474-1A3956D46DE8}") = "Data", "Data", "{FA27BC70-D027-433E-9E2D-AD7BD5DED4AD}"
EndProject
Project("{2150E333-8FDC-42A3-9474-1A3956D46DE8}") = "DI", "DI", "{F364FEB1-5B24-4A28-8109-A137D1FD2591}"
EndProject
Project("{2150E333-8FDC-42A3-9474-1A3956D46DE8}") = "Application", "Application", "{DF9CD1C9-335F-4191-B1CC-8A7CE7603D63}"
EndProject
Project("{9A19103F-16F7-4668-BE54-9A1E7A4F7556}") = "Livraria.Domain", "Livraria.Domain\Livraria.Domain.csproj", "{51A99474-D991-4C9F-8148-31303BD17F93}"
EndProject
Project("{9A19103F-16F7-4668-BE54-9A1E7A4F7556}") = "Livraria.Infra.Data", "Livraria.Infra.Data\Livraria.Infra.Data.csproj", "{CA369E1B-6C17-470A-B183-00CC908485CA}"
EndProject
Project("{9A19103F-16F7-4668-BE54-9A1E7A4F7556}") = "Livraria.Infra.DI", "Livraria.Infra.DI\Livraria.Infra.DI.csproj", "{134D7112-2E61-428B-A356-36AAF5C1463B}"
EndProject
Project("{9A19103F-16F7-4668-BE54-9A1E7A4F7556}") = "Livraria.Application", "Livraria.Application\Livraria.Application.csproj", "{16D3D86C-73D1-4C2A-8092-6FBC23695C18}"
EndProject
Project("{2150E333-8FDC-42A3-9474-1A3956D46DE8}") = "Api", "Api", "{58996B6F-0FDE-4C99-9B8B-893B0A0D6C3D}"
EndProject
Project("{FAE04EC0-301F-11D3-BF4B-00C04F79EFBC}") = "Livraria.Api", "Livraria.Api\Livraria.Api.csproj", "{D4592742-16E5-434D-A359-22F5929BFDB5}"
EndProject
Global
	GlobalSection(SolutionConfigurationPlatforms) = preSolution
		Debug|Any CPU = Debug|Any CPU
		Release|Any CPU = Release|Any CPU
	EndGlobalSection
	GlobalSection(ProjectConfigurationPlatforms) = postSolution
		{51A99474-D991-4C9F-8148-31303BD17F93}.Debug|Any CPU.ActiveCfg = Debug|Any CPU
		{51A99474-D991-4C9F-8148-31303BD17F93}.Debug|Any CPU.Build.0 = Debug|Any CPU
		{51A99474-D991-4C9F-8148-31303BD17F93}.Release|Any CPU.ActiveCfg = Release|Any CPU
		{51A99474-D991-4C9F-8148-31303BD17F93}.Release|Any CPU.Build.0 = Release|Any CPU
		{CA369E1B-6C17-470A-B183-00CC908485CA}.Debug|Any CPU.ActiveCfg = Debug|Any CPU
		{CA369E1B-6C17-470A-B183-00CC908485CA}.Debug|Any CPU.Build.0 = Debug|Any CPU
		{CA369E1B-6C17-470A-B183-00CC908485CA}.Release|Any CPU.ActiveCfg = Release|Any CPU
		{CA369E1B-6C17-470A-B183-00CC908485CA}.Release|Any CPU.Build.0 = Release|Any CPU
		{134D7112-2E61-428B-A356-36AAF5C1463B}.Debug|Any CPU.ActiveCfg = Debug|Any CPU
		{134D7112-2E61-428B-A356-36AAF5C1463B}.Debug|Any CPU.Build.0 = Debug|Any CPU
		{134D7112-2E61-428B-A356-36AAF5C1463B}.Release|Any CPU.ActiveCfg = Release|Any CPU
		{134D7112-2E61-428B-A356-36AAF5C1463B}.Release|Any CPU.Build.0 = Release|Any CPU
		{16D3D86C-73D1-4C2A-8092-6FBC23695C18}.Debug|Any CPU.ActiveCfg = Debug|Any CPU
		{16D3D86C-73D1-4C2A-8092-6FBC23695C18}.Debug|Any CPU.Build.0 = Debug|Any CPU
		{16D3D86C-73D1-4C2A-8092-6FBC23695C18}.Release|Any CPU.ActiveCfg = Release|Any CPU
		{16D3D86C-73D1-4C2A-8092-6FBC23695C18}.Release|Any CPU.Build.0 = Release|Any CPU
		{D4592742-16E5-434D-A359-22F5929BFDB5}.Debug|Any CPU.ActiveCfg = Debug|Any CPU
		{D4592742-16E5-434D-A359-22F5929BFDB5}.Debug|Any CPU.Build.0 = Debug|Any CPU
		{D4592742-16E5-434D-A359-22F5929BFDB5}.Release|Any CPU.ActiveCfg = Release|Any CPU
		{D4592742-16E5-434D-A359-22F5929BFDB5}.Release|Any CPU.Build.0 = Release|Any CPU
	EndGlobalSection
	GlobalSection(SolutionProperties) = preSolution
		HideSolutionNode = FALSE
	EndGlobalSection
	GlobalSection(NestedProjects) = preSolution
		{910E8D37-EC1E-475D-97BA-070BE7B66062} = {BCAA60C3-8818-488D-A685-D93858106A19}
		{56945EEC-A54F-4967-9772-B3303D0069FF} = {BCAA60C3-8818-488D-A685-D93858106A19}
		{FA27BC70-D027-433E-9E2D-AD7BD5DED4AD} = {56945EEC-A54F-4967-9772-B3303D0069FF}
		{F364FEB1-5B24-4A28-8109-A137D1FD2591} = {56945EEC-A54F-4967-9772-B3303D0069FF}
		{DF9CD1C9-335F-4191-B1CC-8A7CE7603D63} = {BCAA60C3-8818-488D-A685-D93858106A19}
		{51A99474-D991-4C9F-8148-31303BD17F93} = {910E8D37-EC1E-475D-97BA-070BE7B66062}
		{CA369E1B-6C17-470A-B183-00CC908485CA} = {FA27BC70-D027-433E-9E2D-AD7BD5DED4AD}
		{134D7112-2E61-428B-A356-36AAF5C1463B} = {F364FEB1-5B24-4A28-8109-A137D1FD2591}
		{16D3D86C-73D1-4C2A-8092-6FBC23695C18} = {DF9CD1C9-335F-4191-B1CC-8A7CE7603D63}
		{58996B6F-0FDE-4C99-9B8B-893B0A0D6C3D} = {BCAA60C3-8818-488D-A685-D93858106A19}
		{D4592742-16E5-434D-A359-22F5929BFDB5} = {58996B6F-0FDE-4C99-9B8B-893B0A0D6C3D}
	EndGlobalSection
	GlobalSection(ExtensibilityGlobals) = postSolution
		SolutionGuid = {BF9829DC-2B30-4380-9611-AB87CA456408}
	EndGlobalSection
EndGlobal
